
Microsoft Visual Studio Solution File, Format Version 12.00
# Visual Studio Version 17
VisualStudioVersion = 17.5.002.0
MinimumVisualStudioVersion = 10.0.40219.1
Project("{9A19103F-16F7-4668-BE54-9A1E7A4F7556}") = "Labyrint", "Labyrint.csproj", "{CBD05257-5741-4219-BBF4-18989BBA0DD9}"
EndProject
Global
	GlobalSection(SolutionConfigurationPlatforms) = preSolution
		Debug|Any CPU = Debug|Any CPU
		Release|Any CPU = Release|Any CPU
	EndGlobalSection
	GlobalSection(ProjectConfigurationPlatforms) = postSolution
		{CBD05257-5741-4219-BBF4-18989BBA0DD9}.Debug|Any CPU.ActiveCfg = Debug|Any CPU
		{CBD05257-5741-4219-BBF4-18989BBA0DD9}.Debug|Any CPU.Build.0 = Debug|Any CPU
		{CBD05257-5741-4219-BBF4-18989BBA0DD9}.Release|Any CPU.ActiveCfg = Release|Any CPU
		{CBD05257-5741-4219-BBF4-18989BBA0DD9}.Release|Any CPU.Build.0 = Release|Any CPU
	EndGlobalSection
	GlobalSection(SolutionProperties) = preSolution
		HideSolutionNode = FALSE
	EndGlobalSection
	GlobalSection(ExtensibilityGlobals) = postSolution
		SolutionGuid = {8C5B2962-7AE2-4136-88F2-785836F7D270}
	EndGlobalSection
EndGlobal
