
Microsoft Visual Studio Solution File, Format Version 12.00
# Visual Studio Version 17
VisualStudioVersion = 17.5.002.0
MinimumVisualStudioVersion = 10.0.40219.1
Project("{9A19103F-16F7-4668-BE54-9A1E7A4F7556}") = "CeasarKrypto2", "CeasarKrypto2.csproj", "{539D4FCF-7CB7-41AD-81F0-049859F277D2}"
EndProject
Global
	GlobalSection(SolutionConfigurationPlatforms) = preSolution
		Debug|Any CPU = Debug|Any CPU
		Release|Any CPU = Release|Any CPU
	EndGlobalSection
	GlobalSection(ProjectConfigurationPlatforms) = postSolution
		{539D4FCF-7CB7-41AD-81F0-049859F277D2}.Debug|Any CPU.ActiveCfg = Debug|Any CPU
		{539D4FCF-7CB7-41AD-81F0-049859F277D2}.Debug|Any CPU.Build.0 = Debug|Any CPU
		{539D4FCF-7CB7-41AD-81F0-049859F277D2}.Release|Any CPU.ActiveCfg = Release|Any CPU
		{539D4FCF-7CB7-41AD-81F0-049859F277D2}.Release|Any CPU.Build.0 = Release|Any CPU
	EndGlobalSection
	GlobalSection(SolutionProperties) = preSolution
		HideSolutionNode = FALSE
	EndGlobalSection
	GlobalSection(ExtensibilityGlobals) = postSolution
		SolutionGuid = {EE7AC414-3518-409F-B3F5-960111DBE969}
	EndGlobalSection
EndGlobal
