
Microsoft Visual Studio Solution File, Format Version 12.00
# Visual Studio Version 17
VisualStudioVersion = 17.5.002.0
MinimumVisualStudioVersion = 10.0.40219.1
Project("{9A19103F-16F7-4668-BE54-9A1E7A4F7556}") = "Grunder", "Grunder.csproj", "{26EDE8C0-C848-468E-A7C3-CB88E756B90C}"
EndProject
Global
	GlobalSection(SolutionConfigurationPlatforms) = preSolution
		Debug|Any CPU = Debug|Any CPU
		Release|Any CPU = Release|Any CPU
	EndGlobalSection
	GlobalSection(ProjectConfigurationPlatforms) = postSolution
		{26EDE8C0-C848-468E-A7C3-CB88E756B90C}.Debug|Any CPU.ActiveCfg = Debug|Any CPU
		{26EDE8C0-C848-468E-A7C3-CB88E756B90C}.Debug|Any CPU.Build.0 = Debug|Any CPU
		{26EDE8C0-C848-468E-A7C3-CB88E756B90C}.Release|Any CPU.ActiveCfg = Release|Any CPU
		{26EDE8C0-C848-468E-A7C3-CB88E756B90C}.Release|Any CPU.Build.0 = Release|Any CPU
	EndGlobalSection
	GlobalSection(SolutionProperties) = preSolution
		HideSolutionNode = FALSE
	EndGlobalSection
	GlobalSection(ExtensibilityGlobals) = postSolution
		SolutionGuid = {23D6FE81-1544-4C10-86D7-35F63AF04405}
	EndGlobalSection
EndGlobal
