
Microsoft Visual Studio Solution File, Format Version 12.00
# Visual Studio Version 17
VisualStudioVersion = 17.5.002.0
MinimumVisualStudioVersion = 10.0.40219.1
Project("{9A19103F-16F7-4668-BE54-9A1E7A4F7556}") = "Elementen", "Elementen.csproj", "{45966937-293B-40D2-A7CC-3D5A691A9180}"
EndProject
Global
	GlobalSection(SolutionConfigurationPlatforms) = preSolution
		Debug|Any CPU = Debug|Any CPU
		Release|Any CPU = Release|Any CPU
	EndGlobalSection
	GlobalSection(ProjectConfigurationPlatforms) = postSolution
		{45966937-293B-40D2-A7CC-3D5A691A9180}.Debug|Any CPU.ActiveCfg = Debug|Any CPU
		{45966937-293B-40D2-A7CC-3D5A691A9180}.Debug|Any CPU.Build.0 = Debug|Any CPU
		{45966937-293B-40D2-A7CC-3D5A691A9180}.Release|Any CPU.ActiveCfg = Release|Any CPU
		{45966937-293B-40D2-A7CC-3D5A691A9180}.Release|Any CPU.Build.0 = Release|Any CPU
	EndGlobalSection
	GlobalSection(SolutionProperties) = preSolution
		HideSolutionNode = FALSE
	EndGlobalSection
	GlobalSection(ExtensibilityGlobals) = postSolution
		SolutionGuid = {480A7F66-2306-4591-B56E-FA32557103C3}
	EndGlobalSection
EndGlobal
