
Microsoft Visual Studio Solution File, Format Version 12.00
# Visual Studio Version 17
VisualStudioVersion = 17.5.002.0
MinimumVisualStudioVersion = 10.0.40219.1
Project("{9A19103F-16F7-4668-BE54-9A1E7A4F7556}") = "AreaRaknare", "AreaRaknare.csproj", "{5C1A3CAA-F35F-4998-9FD7-66AAFFADBDAA}"
EndProject
Global
	GlobalSection(SolutionConfigurationPlatforms) = preSolution
		Debug|Any CPU = Debug|Any CPU
		Release|Any CPU = Release|Any CPU
	EndGlobalSection
	GlobalSection(ProjectConfigurationPlatforms) = postSolution
		{5C1A3CAA-F35F-4998-9FD7-66AAFFADBDAA}.Debug|Any CPU.ActiveCfg = Debug|Any CPU
		{5C1A3CAA-F35F-4998-9FD7-66AAFFADBDAA}.Debug|Any CPU.Build.0 = Debug|Any CPU
		{5C1A3CAA-F35F-4998-9FD7-66AAFFADBDAA}.Release|Any CPU.ActiveCfg = Release|Any CPU
		{5C1A3CAA-F35F-4998-9FD7-66AAFFADBDAA}.Release|Any CPU.Build.0 = Release|Any CPU
	EndGlobalSection
	GlobalSection(SolutionProperties) = preSolution
		HideSolutionNode = FALSE
	EndGlobalSection
	GlobalSection(ExtensibilityGlobals) = postSolution
		SolutionGuid = {DB7D2E24-1C65-42C6-9349-6F1F402C113E}
	EndGlobalSection
EndGlobal
