
Microsoft Visual Studio Solution File, Format Version 12.00
# Visual Studio Version 17
VisualStudioVersion = 17.5.002.0
MinimumVisualStudioVersion = 10.0.40219.1
Project("{9A19103F-16F7-4668-BE54-9A1E7A4F7556}") = "Brackey", "Brackey.csproj", "{A3E9FD29-BBD3-42CE-A364-570B1783F06F}"
EndProject
Global
	GlobalSection(SolutionConfigurationPlatforms) = preSolution
		Debug|Any CPU = Debug|Any CPU
		Release|Any CPU = Release|Any CPU
	EndGlobalSection
	GlobalSection(ProjectConfigurationPlatforms) = postSolution
		{A3E9FD29-BBD3-42CE-A364-570B1783F06F}.Debug|Any CPU.ActiveCfg = Debug|Any CPU
		{A3E9FD29-BBD3-42CE-A364-570B1783F06F}.Debug|Any CPU.Build.0 = Debug|Any CPU
		{A3E9FD29-BBD3-42CE-A364-570B1783F06F}.Release|Any CPU.ActiveCfg = Release|Any CPU
		{A3E9FD29-BBD3-42CE-A364-570B1783F06F}.Release|Any CPU.Build.0 = Release|Any CPU
	EndGlobalSection
	GlobalSection(SolutionProperties) = preSolution
		HideSolutionNode = FALSE
	EndGlobalSection
	GlobalSection(ExtensibilityGlobals) = postSolution
		SolutionGuid = {34AD753A-0690-4EA8-88BA-45E0A8D6732C}
	EndGlobalSection
EndGlobal
